
Microsoft Visual Studio Solution File, Format Version 12.00
# Visual Studio Version 17
VisualStudioVersion = 17.14.36414.22
MinimumVisualStudioVersion = 10.0.40219.1
Project("{FAE04EC0-301F-11D3-BF4B-00C04F79EFBC}") = "Practical_12_Test1", "Practical_12_Test1\Practical_12_Test1.csproj", "{92DC3F81-FF3E-450A-B45C-8B9A28D4D350}"
EndProject
Project("{FAE04EC0-301F-11D3-BF4B-00C04F79EFBC}") = "Practical_12_Test2", "Practical_12_Test2\Practical_12_Test2.csproj", "{0CEE959F-385F-48D0-AD8F-55F25F2A4C21}"
EndProject
Project("{FAE04EC0-301F-11D3-BF4B-00C04F79EFBC}") = "Practical_12_Test3", "Practical_12_Test3\Practical_12_Test3.csproj", "{1CBC8DAC-BEC0-4372-A2D5-71B71C1CBBB2}"
EndProject
Global
	GlobalSection(SolutionConfigurationPlatforms) = preSolution
		Debug|Any CPU = Debug|Any CPU
		Release|Any CPU = Release|Any CPU
	EndGlobalSection
	GlobalSection(ProjectConfigurationPlatforms) = postSolution
		{92DC3F81-FF3E-450A-B45C-8B9A28D4D350}.Debug|Any CPU.ActiveCfg = Debug|Any CPU
		{92DC3F81-FF3E-450A-B45C-8B9A28D4D350}.Debug|Any CPU.Build.0 = Debug|Any CPU
		{92DC3F81-FF3E-450A-B45C-8B9A28D4D350}.Release|Any CPU.ActiveCfg = Release|Any CPU
		{92DC3F81-FF3E-450A-B45C-8B9A28D4D350}.Release|Any CPU.Build.0 = Release|Any CPU
		{0CEE959F-385F-48D0-AD8F-55F25F2A4C21}.Debug|Any CPU.ActiveCfg = Debug|Any CPU
		{0CEE959F-385F-48D0-AD8F-55F25F2A4C21}.Debug|Any CPU.Build.0 = Debug|Any CPU
		{0CEE959F-385F-48D0-AD8F-55F25F2A4C21}.Release|Any CPU.ActiveCfg = Release|Any CPU
		{0CEE959F-385F-48D0-AD8F-55F25F2A4C21}.Release|Any CPU.Build.0 = Release|Any CPU
		{1CBC8DAC-BEC0-4372-A2D5-71B71C1CBBB2}.Debug|Any CPU.ActiveCfg = Debug|Any CPU
		{1CBC8DAC-BEC0-4372-A2D5-71B71C1CBBB2}.Debug|Any CPU.Build.0 = Debug|Any CPU
		{1CBC8DAC-BEC0-4372-A2D5-71B71C1CBBB2}.Release|Any CPU.ActiveCfg = Release|Any CPU
		{1CBC8DAC-BEC0-4372-A2D5-71B71C1CBBB2}.Release|Any CPU.Build.0 = Release|Any CPU
	EndGlobalSection
	GlobalSection(SolutionProperties) = preSolution
		HideSolutionNode = FALSE
	EndGlobalSection
	GlobalSection(ExtensibilityGlobals) = postSolution
		SolutionGuid = {91B9C7C3-6B72-40D3-84AC-6A5DD9CF1278}
	EndGlobalSection
EndGlobal
